
Microsoft Visual Studio Solution File, Format Version 12.00
# Visual Studio 15
VisualStudioVersion = 15.0.27428.2043
MinimumVisualStudioVersion = 10.0.40219.1
Project("{2150E333-8FDC-42A3-9474-1A3956D46DE8}") = "SampleCommon", "SampleCommon", "{3F81AA78-3575-45DF-A83A-5C0D761206C6}"
	ProjectSection(SolutionItems) = preProject
		SampleCommon\FrameMonitor.cs = SampleCommon\FrameMonitor.cs
		SampleCommon\Helpers.cs = SampleCommon\Helpers.cs
		SampleCommon\sdx.png = SampleCommon\sdx.png
	EndProjectSection
EndProject
Project("{FAE04EC0-301F-11D3-BF4B-00C04F79EFBC}") = "SpriteTextRenderer", "SpriteTextRenderer\SpriteTextRenderer.csproj", "{E591454A-E3A1-4E2C-828A-0DFA53ABD66B}"
EndProject
Project("{FAE04EC0-301F-11D3-BF4B-00C04F79EFBC}") = "SpriteTextRenderer.SharpDX", "SpriteTextRenderer.SharpDX\SpriteTextRenderer.SharpDX.csproj", "{3E2890D1-8211-4A20-BCED-E8D5D6C93449}"
EndProject
Project("{FAE04EC0-301F-11D3-BF4B-00C04F79EFBC}") = "SampleSharpDX", "SampleSharpDX\SampleSharpDX.csproj", "{A42A9DB1-5557-4FF8-A6D8-F23CA7A8990E}"
EndProject
Project("{2150E333-8FDC-42A3-9474-1A3956D46DE8}") = "libs", "libs", "{8EC7C2B3-2430-445A-8A36-1295E4C2B759}"
	ProjectSection(SolutionItems) = preProject
		..\lib\sharpdx_direct3d11_1_effects_x64.dll = ..\lib\sharpdx_direct3d11_1_effects_x64.dll
		..\lib\sharpdx_direct3d11_1_effects_x86.dll = ..\lib\sharpdx_direct3d11_1_effects_x86.dll
	EndProjectSection
EndProject
Project("{FAE04EC0-301F-11D3-BF4B-00C04F79EFBC}") = "SpriteTextRenderer.Veldrid", "SpriteTextRenderer.Veldrid\SpriteTextRenderer.Veldrid.csproj", "{8E6A0B8C-D673-4952-A26D-22E540884EC5}"
EndProject
Project("{FAE04EC0-301F-11D3-BF4B-00C04F79EFBC}") = "SampleVeldrid", "SampleVeldrid\SampleVeldrid.csproj", "{A3D857C1-716B-4BF8-9BB4-9AB45BDEFBAD}"
EndProject
Project("{2150E333-8FDC-42A3-9474-1A3956D46DE8}") = "Assets", "Assets", "{FBA1BDB6-3292-4D2C-9D8D-B93F0B7AE4E2}"
EndProject
Project("{9A19103F-16F7-4668-BE54-9A1E7A4F7556}") = "AssetPrimitives", "..\dep\veldrid-samples\src\AssetPrimitives\AssetPrimitives.csproj", "{C2B7B2C4-E899-4F07-A5FE-3CB536C273B9}"
EndProject
Project("{9A19103F-16F7-4668-BE54-9A1E7A4F7556}") = "AssetProcessor", "..\dep\veldrid-samples\src\AssetProcessor\AssetProcessor.csproj", "{31F75421-E273-40E6-BB0E-933DC20C399A}"
EndProject
Global
	GlobalSection(SolutionConfigurationPlatforms) = preSolution
		Debug|Any CPU = Debug|Any CPU
		Release|Any CPU = Release|Any CPU
	EndGlobalSection
	GlobalSection(ProjectConfigurationPlatforms) = postSolution
		{E591454A-E3A1-4E2C-828A-0DFA53ABD66B}.Debug|Any CPU.ActiveCfg = Debug|Any CPU
		{E591454A-E3A1-4E2C-828A-0DFA53ABD66B}.Debug|Any CPU.Build.0 = Debug|Any CPU
		{E591454A-E3A1-4E2C-828A-0DFA53ABD66B}.Release|Any CPU.ActiveCfg = Release|Any CPU
		{E591454A-E3A1-4E2C-828A-0DFA53ABD66B}.Release|Any CPU.Build.0 = Release|Any CPU
		{3E2890D1-8211-4A20-BCED-E8D5D6C93449}.Debug|Any CPU.ActiveCfg = Debug|Any CPU
		{3E2890D1-8211-4A20-BCED-E8D5D6C93449}.Debug|Any CPU.Build.0 = Debug|Any CPU
		{3E2890D1-8211-4A20-BCED-E8D5D6C93449}.Release|Any CPU.ActiveCfg = Release|Any CPU
		{3E2890D1-8211-4A20-BCED-E8D5D6C93449}.Release|Any CPU.Build.0 = Release|Any CPU
		{A42A9DB1-5557-4FF8-A6D8-F23CA7A8990E}.Debug|Any CPU.ActiveCfg = Debug|Any CPU
		{A42A9DB1-5557-4FF8-A6D8-F23CA7A8990E}.Debug|Any CPU.Build.0 = Debug|Any CPU
		{A42A9DB1-5557-4FF8-A6D8-F23CA7A8990E}.Release|Any CPU.ActiveCfg = Release|Any CPU
		{A42A9DB1-5557-4FF8-A6D8-F23CA7A8990E}.Release|Any CPU.Build.0 = Release|Any CPU
		{8E6A0B8C-D673-4952-A26D-22E540884EC5}.Debug|Any CPU.ActiveCfg = Debug|Any CPU
		{8E6A0B8C-D673-4952-A26D-22E540884EC5}.Debug|Any CPU.Build.0 = Debug|Any CPU
		{8E6A0B8C-D673-4952-A26D-22E540884EC5}.Release|Any CPU.ActiveCfg = Release|Any CPU
		{8E6A0B8C-D673-4952-A26D-22E540884EC5}.Release|Any CPU.Build.0 = Release|Any CPU
		{A3D857C1-716B-4BF8-9BB4-9AB45BDEFBAD}.Debug|Any CPU.ActiveCfg = Debug|Any CPU
		{A3D857C1-716B-4BF8-9BB4-9AB45BDEFBAD}.Debug|Any CPU.Build.0 = Debug|Any CPU
		{A3D857C1-716B-4BF8-9BB4-9AB45BDEFBAD}.Release|Any CPU.ActiveCfg = Release|Any CPU
		{A3D857C1-716B-4BF8-9BB4-9AB45BDEFBAD}.Release|Any CPU.Build.0 = Release|Any CPU
		{C2B7B2C4-E899-4F07-A5FE-3CB536C273B9}.Debug|Any CPU.ActiveCfg = Debug|Any CPU
		{C2B7B2C4-E899-4F07-A5FE-3CB536C273B9}.Debug|Any CPU.Build.0 = Debug|Any CPU
		{C2B7B2C4-E899-4F07-A5FE-3CB536C273B9}.Release|Any CPU.ActiveCfg = Release|Any CPU
		{C2B7B2C4-E899-4F07-A5FE-3CB536C273B9}.Release|Any CPU.Build.0 = Release|Any CPU
		{31F75421-E273-40E6-BB0E-933DC20C399A}.Debug|Any CPU.ActiveCfg = Debug|Any CPU
		{31F75421-E273-40E6-BB0E-933DC20C399A}.Debug|Any CPU.Build.0 = Debug|Any CPU
		{31F75421-E273-40E6-BB0E-933DC20C399A}.Release|Any CPU.ActiveCfg = Release|Any CPU
		{31F75421-E273-40E6-BB0E-933DC20C399A}.Release|Any CPU.Build.0 = Release|Any CPU
	EndGlobalSection
	GlobalSection(SolutionProperties) = preSolution
		HideSolutionNode = FALSE
	EndGlobalSection
	GlobalSection(NestedProjects) = preSolution
		{C2B7B2C4-E899-4F07-A5FE-3CB536C273B9} = {FBA1BDB6-3292-4D2C-9D8D-B93F0B7AE4E2}
		{31F75421-E273-40E6-BB0E-933DC20C399A} = {FBA1BDB6-3292-4D2C-9D8D-B93F0B7AE4E2}
	EndGlobalSection
	GlobalSection(ExtensibilityGlobals) = postSolution
		SolutionGuid = {029F23D5-2867-49E0-8342-B0E204797A18}
	EndGlobalSection
EndGlobal
